// !$*UTF8*$!
{
	archiveVersion = 1;
	classes = {
	};
	objectVersion = 46;
	objects = {

/* Begin PBXBuildFile section */
		19A035DA1B8281FC0062251C /* Favor.m in Sources */ = {isa = PBXBuildFile; fileRef = 19A035D91B8281FC0062251C /* Favor.m */; };
		19A035DE1B8284020062251C /* User.m in Sources */ = {isa = PBXBuildFile; fileRef = 19A035DD1B8284020062251C /* User.m */; };
		19AC32B91B825E4E00F38A47 /* main.m in Sources */ = {isa = PBXBuildFile; fileRef = 19AC32B81B825E4E00F38A47 /* main.m */; };
		19AC32BC1B825E4E00F38A47 /* AppDelegate.m in Sources */ = {isa = PBXBuildFile; fileRef = 19AC32BB1B825E4E00F38A47 /* AppDelegate.m */; };
		19AC32BF1B825E4E00F38A47 /* FavorFeedViewController.m in Sources */ = {isa = PBXBuildFile; fileRef = 19AC32BE1B825E4E00F38A47 /* FavorFeedViewController.m */; };
		19AC32C21B825E4E00F38A47 /* Main.storyboard in Resources */ = {isa = PBXBuildFile; fileRef = 19AC32C01B825E4E00F38A47 /* Main.storyboard */; };
		19AC32C41B825E4E00F38A47 /* Images.xcassets in Resources */ = {isa = PBXBuildFile; fileRef = 19AC32C31B825E4E00F38A47 /* Images.xcassets */; };
		19AC32C71B825E4E00F38A47 /* LaunchScreen.xib in Resources */ = {isa = PBXBuildFile; fileRef = 19AC32C51B825E4E00F38A47 /* LaunchScreen.xib */; };
		19AC32D31B825E4F00F38A47 /* FavorTests.m in Sources */ = {isa = PBXBuildFile; fileRef = 19AC32D21B825E4F00F38A47 /* FavorTests.m */; };
		19F59BA71B82B0770057BC6D /* LoginViewController.m in Sources */ = {isa = PBXBuildFile; fileRef = 19F59BA61B82B0770057BC6D /* LoginViewController.m */; };
		4A00F09B0C304F259232D8A9 /* libPods-Favor.a in Frameworks */ = {isa = PBXBuildFile; fileRef = BAD6DEF3AFC654F6D7EFE8C4 /* libPods-Favor.a */; };
		DBC3B31956D2BED7A8284DCE /* libPods-FavorTests.a in Frameworks */ = {isa = PBXBuildFile; fileRef = D09AF03509A7622B685A85AB /* libPods-FavorTests.a */; };
/* End PBXBuildFile section */

/* Begin PBXContainerItemProxy section */
		19AC32CD1B825E4F00F38A47 /* PBXContainerItemProxy */ = {
			isa = PBXContainerItemProxy;
			containerPortal = 19AC32AB1B825E4E00F38A47 /* Project object */;
			proxyType = 1;
			remoteGlobalIDString = 19AC32B21B825E4E00F38A47;
			remoteInfo = Favor;
		};
/* End PBXContainerItemProxy section */

/* Begin PBXFileReference section */
		19A035D81B8281FC0062251C /* Favor.h */ = {isa = PBXFileReference; fileEncoding = 4; lastKnownFileType = sourcecode.c.h; path = Favor.h; sourceTree = "<group>"; };
		19A035D91B8281FC0062251C /* Favor.m */ = {isa = PBXFileReference; fileEncoding = 4; lastKnownFileType = sourcecode.c.objc; path = Favor.m; sourceTree = "<group>"; };
		19A035DC1B8284020062251C /* User.h */ = {isa = PBXFileReference; fileEncoding = 4; lastKnownFileType = sourcecode.c.h; path = User.h; sourceTree = "<group>"; };
		19A035DD1B8284020062251C /* User.m */ = {isa = PBXFileReference; fileEncoding = 4; lastKnownFileType = sourcecode.c.objc; path = User.m; sourceTree = "<group>"; };
		19AC32B31B825E4E00F38A47 /* Favor.app */ = {isa = PBXFileReference; explicitFileType = wrapper.application; includeInIndex = 0; path = Favor.app; sourceTree = BUILT_PRODUCTS_DIR; };
		19AC32B71B825E4E00F38A47 /* Info.plist */ = {isa = PBXFileReference; lastKnownFileType = text.plist.xml; path = Info.plist; sourceTree = "<group>"; };
		19AC32B81B825E4E00F38A47 /* main.m */ = {isa = PBXFileReference; lastKnownFileType = sourcecode.c.objc; path = main.m; sourceTree = "<group>"; };
		19AC32BA1B825E4E00F38A47 /* AppDelegate.h */ = {isa = PBXFileReference; lastKnownFileType = sourcecode.c.h; path = AppDelegate.h; sourceTree = "<group>"; };
		19AC32BB1B825E4E00F38A47 /* AppDelegate.m */ = {isa = PBXFileReference; lastKnownFileType = sourcecode.c.objc; path = AppDelegate.m; sourceTree = "<group>"; };
		19AC32BD1B825E4E00F38A47 /* FavorFeedViewController.h */ = {isa = PBXFileReference; lastKnownFileType = sourcecode.c.h; path = FavorFeedViewController.h; sourceTree = "<group>"; };
		19AC32BE1B825E4E00F38A47 /* FavorFeedViewController.m */ = {isa = PBXFileReference; lastKnownFileType = sourcecode.c.objc; path = FavorFeedViewController.m; sourceTree = "<group>"; };
		19AC32C11B825E4E00F38A47 /* Base */ = {isa = PBXFileReference; lastKnownFileType = file.storyboard; name = Base; path = Base.lproj/Main.storyboard; sourceTree = "<group>"; };
		19AC32C31B825E4E00F38A47 /* Images.xcassets */ = {isa = PBXFileReference; lastKnownFileType = folder.assetcatalog; path = Images.xcassets; sourceTree = "<group>"; };
		19AC32C61B825E4E00F38A47 /* Base */ = {isa = PBXFileReference; lastKnownFileType = file.xib; name = Base; path = Base.lproj/LaunchScreen.xib; sourceTree = "<group>"; };
		19AC32CC1B825E4F00F38A47 /* FavorTests.xctest */ = {isa = PBXFileReference; explicitFileType = wrapper.cfbundle; includeInIndex = 0; path = FavorTests.xctest; sourceTree = BUILT_PRODUCTS_DIR; };
		19AC32D11B825E4F00F38A47 /* Info.plist */ = {isa = PBXFileReference; lastKnownFileType = text.plist.xml; path = Info.plist; sourceTree = "<group>"; };
		19AC32D21B825E4F00F38A47 /* FavorTests.m */ = {isa = PBXFileReference; lastKnownFileType = sourcecode.c.objc; path = FavorTests.m; sourceTree = "<group>"; };
		19F59BA51B82B0770057BC6D /* LoginViewController.h */ = {isa = PBXFileReference; fileEncoding = 4; lastKnownFileType = sourcecode.c.h; path = LoginViewController.h; sourceTree = "<group>"; };
		19F59BA61B82B0770057BC6D /* LoginViewController.m */ = {isa = PBXFileReference; fileEncoding = 4; lastKnownFileType = sourcecode.c.objc; path = LoginViewController.m; sourceTree = "<group>"; };
		29005DB7C27826C790BDC074 /* Pods-FavorTests.release.xcconfig */ = {isa = PBXFileReference; includeInIndex = 1; lastKnownFileType = text.xcconfig; name = "Pods-FavorTests.release.xcconfig"; path = "Pods/Target Support Files/Pods-FavorTests/Pods-FavorTests.release.xcconfig"; sourceTree = "<group>"; };
		8BF7A1A9F96E8BF44B91BAFA /* Pods-FavorTests.debug.xcconfig */ = {isa = PBXFileReference; includeInIndex = 1; lastKnownFileType = text.xcconfig; name = "Pods-FavorTests.debug.xcconfig"; path = "Pods/Target Support Files/Pods-FavorTests/Pods-FavorTests.debug.xcconfig"; sourceTree = "<group>"; };
		BAD6DEF3AFC654F6D7EFE8C4 /* libPods-Favor.a */ = {isa = PBXFileReference; explicitFileType = archive.ar; includeInIndex = 0; path = "libPods-Favor.a"; sourceTree = BUILT_PRODUCTS_DIR; };
		CD5FFA3CDD1D9EA184C5C345 /* Pods-Favor.release.xcconfig */ = {isa = PBXFileReference; includeInIndex = 1; lastKnownFileType = text.xcconfig; name = "Pods-Favor.release.xcconfig"; path = "Pods/Target Support Files/Pods-Favor/Pods-Favor.release.xcconfig"; sourceTree = "<group>"; };
		D09AF03509A7622B685A85AB /* libPods-FavorTests.a */ = {isa = PBXFileReference; explicitFileType = archive.ar; includeInIndex = 0; path = "libPods-FavorTests.a"; sourceTree = BUILT_PRODUCTS_DIR; };
		E2AAE06BCAEEC91959B683A5 /* Pods-Favor.debug.xcconfig */ = {isa = PBXFileReference; includeInIndex = 1; lastKnownFileType = text.xcconfig; name = "Pods-Favor.debug.xcconfig"; path = "Pods/Target Support Files/Pods-Favor/Pods-Favor.debug.xcconfig"; sourceTree = "<group>"; };
/* End PBXFileReference section */

/* Begin PBXFrameworksBuildPhase section */
		19AC32B01B825E4E00F38A47 /* Frameworks */ = {
			isa = PBXFrameworksBuildPhase;
			buildActionMask = 2147483647;
			files = (
				4A00F09B0C304F259232D8A9 /* libPods-Favor.a in Frameworks */,
			);
			runOnlyForDeploymentPostprocessing = 0;
		};
		19AC32C91B825E4F00F38A47 /* Frameworks */ = {
			isa = PBXFrameworksBuildPhase;
			buildActionMask = 2147483647;
			files = (
				DBC3B31956D2BED7A8284DCE /* libPods-FavorTests.a in Frameworks */,
			);
			runOnlyForDeploymentPostprocessing = 0;
		};
/* End PBXFrameworksBuildPhase section */

/* Begin PBXGroup section */
		19A035D71B826C5A0062251C /* Controllers */ = {
			isa = PBXGroup;
			children = (
				19AC32BD1B825E4E00F38A47 /* FavorFeedViewController.h */,
				19AC32BE1B825E4E00F38A47 /* FavorFeedViewController.m */,
				19F59BA51B82B0770057BC6D /* LoginViewController.h */,
				19F59BA61B82B0770057BC6D /* LoginViewController.m */,
			);
			name = Controllers;
			sourceTree = "<group>";
		};
		19A035DB1B8282030062251C /* Model */ = {
			isa = PBXGroup;
			children = (
				19A035D81B8281FC0062251C /* Favor.h */,
				19A035D91B8281FC0062251C /* Favor.m */,
				19A035DC1B8284020062251C /* User.h */,
				19A035DD1B8284020062251C /* User.m */,
			);
			name = Model;
			sourceTree = "<group>";
		};
		19AC32AA1B825E4E00F38A47 = {
			isa = PBXGroup;
			children = (
				19AC32B51B825E4E00F38A47 /* Favor */,
				19AC32CF1B825E4F00F38A47 /* FavorTests */,
				19AC32B41B825E4E00F38A47 /* Products */,
				97098A8EF2A3F5C5C019A735 /* Pods */,
				C237CBE8237D489AC76603CE /* Frameworks */,
			);
			sourceTree = "<group>";
		};
		19AC32B41B825E4E00F38A47 /* Products */ = {
			isa = PBXGroup;
			children = (
				19AC32B31B825E4E00F38A47 /* Favor.app */,
				19AC32CC1B825E4F00F38A47 /* FavorTests.xctest */,
			);
			name = Products;
			sourceTree = "<group>";
		};
		19AC32B51B825E4E00F38A47 /* Favor */ = {
			isa = PBXGroup;
			children = (
				19AC32BA1B825E4E00F38A47 /* AppDelegate.h */,
				19AC32BB1B825E4E00F38A47 /* AppDelegate.m */,
				19A035DB1B8282030062251C /* Model */,
				19A035D71B826C5A0062251C /* Controllers */,
				19AC32C01B825E4E00F38A47 /* Main.storyboard */,
				19AC32C31B825E4E00F38A47 /* Images.xcassets */,
				19AC32C51B825E4E00F38A47 /* LaunchScreen.xib */,
				19AC32B61B825E4E00F38A47 /* Supporting Files */,
			);
			path = Favor;
			sourceTree = "<group>";
		};
		19AC32B61B825E4E00F38A47 /* Supporting Files */ = {
			isa = PBXGroup;
			children = (
				19AC32B71B825E4E00F38A47 /* Info.plist */,
				19AC32B81B825E4E00F38A47 /* main.m */,
			);
			name = "Supporting Files";
			sourceTree = "<group>";
		};
		19AC32CF1B825E4F00F38A47 /* FavorTests */ = {
			isa = PBXGroup;
			children = (
				19AC32D21B825E4F00F38A47 /* FavorTests.m */,
				19AC32D01B825E4F00F38A47 /* Supporting Files */,
			);
			path = FavorTests;
			sourceTree = "<group>";
		};
		19AC32D01B825E4F00F38A47 /* Supporting Files */ = {
			isa = PBXGroup;
			children = (
				19AC32D11B825E4F00F38A47 /* Info.plist */,
			);
			name = "Supporting Files";
			sourceTree = "<group>";
		};
		97098A8EF2A3F5C5C019A735 /* Pods */ = {
			isa = PBXGroup;
			children = (
				E2AAE06BCAEEC91959B683A5 /* Pods-Favor.debug.xcconfig */,
				CD5FFA3CDD1D9EA184C5C345 /* Pods-Favor.release.xcconfig */,
				8BF7A1A9F96E8BF44B91BAFA /* Pods-FavorTests.debug.xcconfig */,
				29005DB7C27826C790BDC074 /* Pods-FavorTests.release.xcconfig */,
			);
			name = Pods;
			sourceTree = "<group>";
		};
		C237CBE8237D489AC76603CE /* Frameworks */ = {
			isa = PBXGroup;
			children = (
				BAD6DEF3AFC654F6D7EFE8C4 /* libPods-Favor.a */,
				D09AF03509A7622B685A85AB /* libPods-FavorTests.a */,
			);
			name = Frameworks;
			sourceTree = "<group>";
		};
/* End PBXGroup section */

/* Begin PBXNativeTarget section */
		19AC32B21B825E4E00F38A47 /* Favor */ = {
			isa = PBXNativeTarget;
			buildConfigurationList = 19AC32D61B825E4F00F38A47 /* Build configuration list for PBXNativeTarget "Favor" */;
			buildPhases = (
				6BA7F57C837AE3A73EF4AC57 /* Check Pods Manifest.lock */,
				19AC32AF1B825E4E00F38A47 /* Sources */,
				19AC32B01B825E4E00F38A47 /* Frameworks */,
				19AC32B11B825E4E00F38A47 /* Resources */,
				A2F5BDC2554E6A14EEF61A32 /* Copy Pods Resources */,
			);
			buildRules = (
			);
			dependencies = (
			);
			name = Favor;
			productName = Favor;
			productReference = 19AC32B31B825E4E00F38A47 /* Favor.app */;
			productType = "com.apple.product-type.application";
		};
		19AC32CB1B825E4F00F38A47 /* FavorTests */ = {
			isa = PBXNativeTarget;
			buildConfigurationList = 19AC32D91B825E4F00F38A47 /* Build configuration list for PBXNativeTarget "FavorTests" */;
			buildPhases = (
				D6B7B6FFEC425E6B4D5A0D06 /* Check Pods Manifest.lock */,
				19AC32C81B825E4F00F38A47 /* Sources */,
				19AC32C91B825E4F00F38A47 /* Frameworks */,
				19AC32CA1B825E4F00F38A47 /* Resources */,
				63A9931229F0442D13B6AF37 /* Copy Pods Resources */,
			);
			buildRules = (
			);
			dependencies = (
				19AC32CE1B825E4F00F38A47 /* PBXTargetDependency */,
			);
			name = FavorTests;
			productName = FavorTests;
			productReference = 19AC32CC1B825E4F00F38A47 /* FavorTests.xctest */;
			productType = "com.apple.product-type.bundle.unit-test";
		};
/* End PBXNativeTarget section */

/* Begin PBXProject section */
		19AC32AB1B825E4E00F38A47 /* Project object */ = {
			isa = PBXProject;
			attributes = {
				LastUpgradeCheck = 0640;
				ORGANIZATIONNAME = "Alex Moller";
				TargetAttributes = {
					19AC32B21B825E4E00F38A47 = {
						CreatedOnToolsVersion = 6.4;
					};
					19AC32CB1B825E4F00F38A47 = {
						CreatedOnToolsVersion = 6.4;
						TestTargetID = 19AC32B21B825E4E00F38A47;
					};
				};
			};
			buildConfigurationList = 19AC32AE1B825E4E00F38A47 /* Build configuration list for PBXProject "Favor" */;
			compatibilityVersion = "Xcode 3.2";
			developmentRegion = English;
			hasScannedForEncodings = 0;
			knownRegions = (
				en,
				Base,
			);
			mainGroup = 19AC32AA1B825E4E00F38A47;
			productRefGroup = 19AC32B41B825E4E00F38A47 /* Products */;
			projectDirPath = "";
			projectRoot = "";
			targets = (
				19AC32B21B825E4E00F38A47 /* Favor */,
				19AC32CB1B825E4F00F38A47 /* FavorTests */,
			);
		};
/* End PBXProject section */

/* Begin PBXResourcesBuildPhase section */
		19AC32B11B825E4E00F38A47 /* Resources */ = {
			isa = PBXResourcesBuildPhase;
			buildActionMask = 2147483647;
			files = (
				19AC32C21B825E4E00F38A47 /* Main.storyboard in Resources */,
				19AC32C71B825E4E00F38A47 /* LaunchScreen.xib in Resources */,
				19AC32C41B825E4E00F38A47 /* Images.xcassets in Resources */,
			);
			runOnlyForDeploymentPostprocessing = 0;
		};
		19AC32CA1B825E4F00F38A47 /* Resources */ = {
			isa = PBXResourcesBuildPhase;
			buildActionMask = 2147483647;
			files = (
			);
			runOnlyForDeploymentPostprocessing = 0;
		};
/* End PBXResourcesBuildPhase section */

/* Begin PBXShellScriptBuildPhase section */
		63A9931229F0442D13B6AF37 /* Copy Pods Resources */ = {
			isa = PBXShellScriptBuildPhase;
			buildActionMask = 2147483647;
			files = (
			);
			inputPaths = (
			);
			name = "Copy Pods Resources";
			outputPaths = (
			);
			runOnlyForDeploymentPostprocessing = 0;
			shellPath = /bin/sh;
			shellScript = "\"${SRCROOT}/Pods/Target Support Files/Pods-FavorTests/Pods-FavorTests-resources.sh\"\n";
			showEnvVarsInLog = 0;
		};
		6BA7F57C837AE3A73EF4AC57 /* Check Pods Manifest.lock */ = {
			isa = PBXShellScriptBuildPhase;
			buildActionMask = 2147483647;
			files = (
			);
			inputPaths = (
			);
			name = "Check Pods Manifest.lock";
			outputPaths = (
			);
			runOnlyForDeploymentPostprocessing = 0;
			shellPath = /bin/sh;
			shellScript = "diff \"${PODS_ROOT}/../Podfile.lock\" \"${PODS_ROOT}/Manifest.lock\" > /dev/null\nif [[ $? != 0 ]] ; then\n    cat << EOM\nerror: The sandbox is not in sync with the Podfile.lock. Run 'pod install' or update your CocoaPods installation.\nEOM\n    exit 1\nfi\n";
			showEnvVarsInLog = 0;
		};
		A2F5BDC2554E6A14EEF61A32 /* Copy Pods Resources */ = {
			isa = PBXShellScriptBuildPhase;
			buildActionMask = 2147483647;
			files = (
			);
			inputPaths = (
			);
			name = "Copy Pods Resources";
			outputPaths = (
			);
			runOnlyForDeploymentPostprocessing = 0;
			shellPath = /bin/sh;
			shellScript = "\"${SRCROOT}/Pods/Target Support Files/Pods-Favor/Pods-Favor-resources.sh\"\n";
			showEnvVarsInLog = 0;
		};
		D6B7B6FFEC425E6B4D5A0D06 /* Check Pods Manifest.lock */ = {
			isa = PBXShellScriptBuildPhase;
			buildActionMask = 2147483647;
			files = (
			);
			inputPaths = (
			);
			name = "Check Pods Manifest.lock";
			outputPaths = (
			);
			runOnlyForDeploymentPostprocessing = 0;
			shellPath = /bin/sh;
			shellScript = "diff \"${PODS_ROOT}/../Podfile.lock\" \"${PODS_ROOT}/Manifest.lock\" > /dev/null\nif [[ $? != 0 ]] ; then\n    cat << EOM\nerror: The sandbox is not in sync with the Podfile.lock. Run 'pod install' or update your CocoaPods installation.\nEOM\n    exit 1\nfi\n";
			showEnvVarsInLog = 0;
		};
/* End PBXShellScriptBuildPhase section */

/* Begin PBXSourcesBuildPhase section */
		19AC32AF1B825E4E00F38A47 /* Sources */ = {
			isa = PBXSourcesBuildPhase;
			buildActionMask = 2147483647;
			files = (
				19A035DE1B8284020062251C /* User.m in Sources */,
				19A035DA1B8281FC0062251C /* Favor.m in Sources */,
				19AC32BF1B825E4E00F38A47 /* FavorFeedViewController.m in Sources */,
				19AC32BC1B825E4E00F38A47 /* AppDelegate.m in Sources */,
				19F59BA71B82B0770057BC6D /* LoginViewController.m in Sources */,
				19AC32B91B825E4E00F38A47 /* main.m in Sources */,
			);
			runOnlyForDeploymentPostprocessing = 0;
		};
		19AC32C81B825E4F00F38A47 /* Sources */ = {
			isa = PBXSourcesBuildPhase;
			buildActionMask = 2147483647;
			files = (
				19AC32D31B825E4F00F38A47 /* FavorTests.m in Sources */,
			);
			runOnlyForDeploymentPostprocessing = 0;
		};
/* End PBXSourcesBuildPhase section */

/* Begin PBXTargetDependency section */
		19AC32CE1B825E4F00F38A47 /* PBXTargetDependency */ = {
			isa = PBXTargetDependency;
			target = 19AC32B21B825E4E00F38A47 /* Favor */;
			targetProxy = 19AC32CD1B825E4F00F38A47 /* PBXContainerItemProxy */;
		};
/* End PBXTargetDependency section */

/* Begin PBXVariantGroup section */
		19AC32C01B825E4E00F38A47 /* Main.storyboard */ = {
			isa = PBXVariantGroup;
			children = (
				19AC32C11B825E4E00F38A47 /* Base */,
			);
			name = Main.storyboard;
			sourceTree = "<group>";
		};
		19AC32C51B825E4E00F38A47 /* LaunchScreen.xib */ = {
			isa = PBXVariantGroup;
			children = (
				19AC32C61B825E4E00F38A47 /* Base */,
			);
			name = LaunchScreen.xib;
			sourceTree = "<group>";
		};
/* End PBXVariantGroup section */

/* Begin XCBuildConfiguration section */
		19AC32D41B825E4F00F38A47 /* Debug */ = {
			isa = XCBuildConfiguration;
			buildSettings = {
				ALWAYS_SEARCH_USER_PATHS = NO;
				CLANG_CXX_LANGUAGE_STANDARD = "gnu++0x";
				CLANG_CXX_LIBRARY = "libc++";
				CLANG_ENABLE_MODULES = YES;
				CLANG_ENABLE_OBJC_ARC = YES;
				CLANG_WARN_BOOL_CONVERSION = YES;
				CLANG_WARN_CONSTANT_CONVERSION = YES;
				CLANG_WARN_DIRECT_OBJC_ISA_USAGE = YES_ERROR;
				CLANG_WARN_EMPTY_BODY = YES;
				CLANG_WARN_ENUM_CONVERSION = YES;
				CLANG_WARN_INT_CONVERSION = YES;
				CLANG_WARN_OBJC_ROOT_CLASS = YES_ERROR;
				CLANG_WARN_UNREACHABLE_CODE = YES;
				CLANG_WARN__DUPLICATE_METHOD_MATCH = YES;
				"CODE_SIGN_IDENTITY[sdk=iphoneos*]" = "iPhone Developer";
				COPY_PHASE_STRIP = NO;
				DEBUG_INFORMATION_FORMAT = "dwarf-with-dsym";
				ENABLE_STRICT_OBJC_MSGSEND = YES;
				GCC_C_LANGUAGE_STANDARD = gnu99;
				GCC_DYNAMIC_NO_PIC = NO;
				GCC_NO_COMMON_BLOCKS = YES;
				GCC_OPTIMIZATION_LEVEL = 0;
				GCC_PREPROCESSOR_DEFINITIONS = (
					"DEBUG=1",
					"$(inherited)",
				);
				GCC_SYMBOLS_PRIVATE_EXTERN = NO;
				GCC_WARN_64_TO_32_BIT_CONVERSION = YES;
				GCC_WARN_ABOUT_RETURN_TYPE = YES_ERROR;
				GCC_WARN_UNDECLARED_SELECTOR = YES;
				GCC_WARN_UNINITIALIZED_AUTOS = YES_AGGRESSIVE;
				GCC_WARN_UNUSED_FUNCTION = YES;
				GCC_WARN_UNUSED_VARIABLE = YES;
				IPHONEOS_DEPLOYMENT_TARGET = 8.4;
				MTL_ENABLE_DEBUG_INFO = YES;
				ONLY_ACTIVE_ARCH = YES;
				SDKROOT = iphoneos;
			};
			name = Debug;
		};
		19AC32D51B825E4F00F38A47 /* Release */ = {
			isa = XCBuildConfiguration;
			buildSettings = {
				ALWAYS_SEARCH_USER_PATHS = NO;
				CLANG_CXX_LANGUAGE_STANDARD = "gnu++0x";
				CLANG_CXX_LIBRARY = "libc++";
				CLANG_ENABLE_MODULES = YES;
				CLANG_ENABLE_OBJC_ARC = YES;
				CLANG_WARN_BOOL_CONVERSION = YES;
				CLANG_WARN_CONSTANT_CONVERSION = YES;
				CLANG_WARN_DIRECT_OBJC_ISA_USAGE = YES_ERROR;
				CLANG_WARN_EMPTY_BODY = YES;
				CLANG_WARN_ENUM_CONVERSION = YES;
				CLANG_WARN_INT_CONVERSION = YES;
				CLANG_WARN_OBJC_ROOT_CLASS = YES_ERROR;
				CLANG_WARN_UNREACHABLE_CODE = YES;
				CLANG_WARN__DUPLICATE_METHOD_MATCH = YES;
				"CODE_SIGN_IDENTITY[sdk=iphoneos*]" = "iPhone Developer";
				COPY_PHASE_STRIP = NO;
				DEBUG_INFORMATION_FORMAT = "dwarf-with-dsym";
				ENABLE_NS_ASSERTIONS = NO;
				ENABLE_STRICT_OBJC_MSGSEND = YES;
				GCC_C_LANGUAGE_STANDARD = gnu99;
				GCC_NO_COMMON_BLOCKS = YES;
				GCC_WARN_64_TO_32_BIT_CONVERSION = YES;
				GCC_WARN_ABOUT_RETURN_TYPE = YES_ERROR;
				GCC_WARN_UNDECLARED_SELECTOR = YES;
				GCC_WARN_UNINITIALIZED_AUTOS = YES_AGGRESSIVE;
				GCC_WARN_UNUSED_FUNCTION = YES;
				GCC_WARN_UNUSED_VARIABLE = YES;
				IPHONEOS_DEPLOYMENT_TARGET = 8.4;
				MTL_ENABLE_DEBUG_INFO = NO;
				SDKROOT = iphoneos;
				VALIDATE_PRODUCT = YES;
			};
			name = Release;
		};
		19AC32D71B825E4F00F38A47 /* Debug */ = {
			isa = XCBuildConfiguration;
			baseConfigurationReference = E2AAE06BCAEEC91959B683A5 /* Pods-Favor.debug.xcconfig */;
			buildSettings = {
				ASSETCATALOG_COMPILER_APPICON_NAME = AppIcon;
				INFOPLIST_FILE = Favor/Info.plist;
				LD_RUNPATH_SEARCH_PATHS = "$(inherited) @executable_path/Frameworks";
				PRODUCT_NAME = "$(TARGET_NAME)";
			};
			name = Debug;
		};
		19AC32D81B825E4F00F38A47 /* Release */ = {
			isa = XCBuildConfiguration;
			baseConfigurationReference = CD5FFA3CDD1D9EA184C5C345 /* Pods-Favor.release.xcconfig */;
			buildSettings = {
				ASSETCATALOG_COMPILER_APPICON_NAME = AppIcon;
				INFOPLIST_FILE = Favor/Info.plist;
				LD_RUNPATH_SEARCH_PATHS = "$(inherited) @executable_path/Frameworks";
				PRODUCT_NAME = "$(TARGET_NAME)";
			};
			name = Release;
		};
		19AC32DA1B825E4F00F38A47 /* Debug */ = {
			isa = XCBuildConfiguration;
			baseConfigurationReference = 8BF7A1A9F96E8BF44B91BAFA /* Pods-FavorTests.debug.xcconfig */;
			buildSettings = {
				BUNDLE_LOADER = "$(TEST_HOST)";
				FRAMEWORK_SEARCH_PATHS = (
					"$(SDKROOT)/Developer/Library/Frameworks",
					"$(inherited)",
				);
				GCC_PREPROCESSOR_DEFINITIONS = (
					"DEBUG=1",
					"$(inherited)",
				);
				INFOPLIST_FILE = FavorTests/Info.plist;
				LD_RUNPATH_SEARCH_PATHS = "$(inherited) @executable_path/Frameworks @loader_path/Frameworks";
				PRODUCT_NAME = "$(TARGET_NAME)";
				TEST_HOST = "$(BUILT_PRODUCTS_DIR)/Favor.app/Favor";
			};
			name = Debug;
		};
		19AC32DB1B825E4F00F38A47 /* Release */ = {
			isa = XCBuildConfiguration;
			baseConfigurationReference = 29005DB7C27826C790BDC074 /* Pods-FavorTests.release.xcconfig */;
			buildSettings = {
				BUNDLE_LOADER = "$(TEST_HOST)";
				FRAMEWORK_SEARCH_PATHS = (
					"$(SDKROOT)/Developer/Library/Frameworks",
					"$(inherited)",
				);
				INFOPLIST_FILE = FavorTests/Info.plist;
				LD_RUNPATH_SEARCH_PATHS = "$(inherited) @executable_path/Frameworks @loader_path/Frameworks";
				PRODUCT_NAME = "$(TARGET_NAME)";
				TEST_HOST = "$(BUILT_PRODUCTS_DIR)/Favor.app/Favor";
			};
			name = Release;
		};
/* End XCBuildConfiguration section */

/* Begin XCConfigurationList section */
		19AC32AE1B825E4E00F38A47 /* Build configuration list for PBXProject "Favor" */ = {
			isa = XCConfigurationList;
			buildConfigurations = (
				19AC32D41B825E4F00F38A47 /* Debug */,
				19AC32D51B825E4F00F38A47 /* Release */,
			);
			defaultConfigurationIsVisible = 0;
			defaultConfigurationName = Release;
		};
		19AC32D61B825E4F00F38A47 /* Build configuration list for PBXNativeTarget "Favor" */ = {
			isa = XCConfigurationList;
			buildConfigurations = (
				19AC32D71B825E4F00F38A47 /* Debug */,
				19AC32D81B825E4F00F38A47 /* Release */,
			);
			defaultConfigurationIsVisible = 0;
			defaultConfigurationName = Release;
		};
		19AC32D91B825E4F00F38A47 /* Build configuration list for PBXNativeTarget "FavorTests" */ = {
			isa = XCConfigurationList;
			buildConfigurations = (
				19AC32DA1B825E4F00F38A47 /* Debug */,
				19AC32DB1B825E4F00F38A47 /* Release */,
			);
			defaultConfigurationIsVisible = 0;
			defaultConfigurationName = Release;
		};
/* End XCConfigurationList section */
	};
	rootObject = 19AC32AB1B825E4E00F38A47 /* Project object */;
}
